// !$*UTF8*$!
{
	archiveVersion = 1;
	classes = {
	};
	objectVersion = 50;
	objects = {

/* Begin PBXBuildFile section */
		BAD5625E232A7B3C00C2FDAF /* AppDelegate.swift in Sources */ = {isa = PBXBuildFile; fileRef = BAD5625D232A7B3C00C2FDAF /* AppDelegate.swift */; };
		BAD56260232A7B3C00C2FDAF /* ViewController.swift in Sources */ = {isa = PBXBuildFile; fileRef = BAD5625F232A7B3C00C2FDAF /* ViewController.swift */; };
		BAD56263232A7B3C00C2FDAF /* Main.storyboard in Resources */ = {isa = PBXBuildFile; fileRef = BAD56261232A7B3C00C2FDAF /* Main.storyboard */; };
		BAD56265232A7B3E00C2FDAF /* Assets.xcassets in Resources */ = {isa = PBXBuildFile; fileRef = BAD56264232A7B3E00C2FDAF /* Assets.xcassets */; };
		BAD56268232A7B3E00C2FDAF /* LaunchScreen.storyboard in Resources */ = {isa = PBXBuildFile; fileRef = BAD56266232A7B3E00C2FDAF /* LaunchScreen.storyboard */; };
		BAD56270232A7EAC00C2FDAF /* User.swift in Sources */ = {isa = PBXBuildFile; fileRef = BAD5626F232A7EAC00C2FDAF /* User.swift */; };
		BAD56272232A7F5700C2FDAF /* ColorChoice.swift in Sources */ = {isa = PBXBuildFile; fileRef = BAD56271232A7F5700C2FDAF /* ColorChoice.swift */; };
/* End PBXBuildFile section */

/* Begin PBXFileReference section */
		BAD5625A232A7B3C00C2FDAF /* SecondProject.app */ = {isa = PBXFileReference; explicitFileType = wrapper.application; includeInIndex = 0; path = SecondProject.app; sourceTree = BUILT_PRODUCTS_DIR; };
		BAD5625D232A7B3C00C2FDAF /* AppDelegate.swift */ = {isa = PBXFileReference; lastKnownFileType = sourcecode.swift; path = AppDelegate.swift; sourceTree = "<group>"; };
		BAD5625F232A7B3C00C2FDAF /* ViewController.swift */ = {isa = PBXFileReference; lastKnownFileType = sourcecode.swift; path = ViewController.swift; sourceTree = "<group>"; };
		BAD56262232A7B3C00C2FDAF /* Base */ = {isa = PBXFileReference; lastKnownFileType = file.storyboard; name = Base; path = Base.lproj/Main.storyboard; sourceTree = "<group>"; };
		BAD56264232A7B3E00C2FDAF /* Assets.xcassets */ = {isa = PBXFileReference; lastKnownFileType = folder.assetcatalog; path = Assets.xcassets; sourceTree = "<group>"; };
		BAD56267232A7B3E00C2FDAF /* Base */ = {isa = PBXFileReference; lastKnownFileType = file.storyboard; name = Base; path = Base.lproj/LaunchScreen.storyboard; sourceTree = "<group>"; };
		BAD56269232A7B3E00C2FDAF /* Info.plist */ = {isa = PBXFileReference; lastKnownFileType = text.plist.xml; path = Info.plist; sourceTree = "<group>"; };
		BAD5626F232A7EAC00C2FDAF /* User.swift */ = {isa = PBXFileReference; lastKnownFileType = sourcecode.swift; path = User.swift; sourceTree = "<group>"; };
		BAD56271232A7F5700C2FDAF /* ColorChoice.swift */ = {isa = PBXFileReference; lastKnownFileType = sourcecode.swift; path = ColorChoice.swift; sourceTree = "<group>"; };
/* End PBXFileReference section */

/* Begin PBXFrameworksBuildPhase section */
		BAD56257232A7B3C00C2FDAF /* Frameworks */ = {
			isa = PBXFrameworksBuildPhase;
			buildActionMask = 2147483647;
			files = (
			);
			runOnlyForDeploymentPostprocessing = 0;
		};
/* End PBXFrameworksBuildPhase section */

/* Begin PBXGroup section */
		BAD56251232A7B3C00C2FDAF = {
			isa = PBXGroup;
			children = (
				BAD5625C232A7B3C00C2FDAF /* SecondProject */,
				BAD5625B232A7B3C00C2FDAF /* Products */,
			);
			sourceTree = "<group>";
		};
		BAD5625B232A7B3C00C2FDAF /* Products */ = {
			isa = PBXGroup;
			children = (
				BAD5625A232A7B3C00C2FDAF /* SecondProject.app */,
			);
			name = Products;
			sourceTree = "<group>";
		};
		BAD5625C232A7B3C00C2FDAF /* SecondProject */ = {
			isa = PBXGroup;
			children = (
				BAD5625D232A7B3C00C2FDAF /* AppDelegate.swift */,
				BAD5625F232A7B3C00C2FDAF /* ViewController.swift */,
				BAD56261232A7B3C00C2FDAF /* Main.storyboard */,
				BAD5626F232A7EAC00C2FDAF /* User.swift */,
				BAD56271232A7F5700C2FDAF /* ColorChoice.swift */,
				BAD56264232A7B3E00C2FDAF /* Assets.xcassets */,
				BAD56266232A7B3E00C2FDAF /* LaunchScreen.storyboard */,
				BAD56269232A7B3E00C2FDAF /* Info.plist */,
			);
			path = SecondProject;
			sourceTree = "<group>";
		};
/* End PBXGroup section */

/* Begin PBXNativeTarget section */
		BAD56259232A7B3C00C2FDAF /* SecondProject */ = {
			isa = PBXNativeTarget;
			buildConfigurationList = BAD5626C232A7B3E00C2FDAF /* Build configuration list for PBXNativeTarget "SecondProject" */;
			buildPhases = (
				BAD56256232A7B3C00C2FDAF /* Sources */,
				BAD56257232A7B3C00C2FDAF /* Frameworks */,
				BAD56258232A7B3C00C2FDAF /* Resources */,
			);
			buildRules = (
			);
			dependencies = (
			);
			name = SecondProject;
			productName = SecondProject;
			productReference = BAD5625A232A7B3C00C2FDAF /* SecondProject.app */;
			productType = "com.apple.product-type.application";
		};
/* End PBXNativeTarget section */

/* Begin PBXProject section */
		BAD56252232A7B3C00C2FDAF /* Project object */ = {
			isa = PBXProject;
			attributes = {
				LastSwiftUpdateCheck = 1020;
				LastUpgradeCheck = 1020;
				ORGANIZATIONNAME = "Minh Ly";
				TargetAttributes = {
					BAD56259232A7B3C00C2FDAF = {
						CreatedOnToolsVersion = 10.2.1;
					};
				};
			};
			buildConfigurationList = BAD56255232A7B3C00C2FDAF /* Build configuration list for PBXProject "SecondProject" */;
			compatibilityVersion = "Xcode 9.3";
			developmentRegion = en;
			hasScannedForEncodings = 0;
			knownRegions = (
				en,
				Base,
			);
			mainGroup = BAD56251232A7B3C00C2FDAF;
			productRefGroup = BAD5625B232A7B3C00C2FDAF /* Products */;
			projectDirPath = "";
			projectRoot = "";
			targets = (
				BAD56259232A7B3C00C2FDAF /* SecondProject */,
			);
		};
/* End PBXProject section */

/* Begin PBXResourcesBuildPhase section */
		BAD56258232A7B3C00C2FDAF /* Resources */ = {
			isa = PBXResourcesBuildPhase;
			buildActionMask = 2147483647;
			files = (
				BAD56268232A7B3E00C2FDAF /* LaunchScreen.storyboard in Resources */,
				BAD56265232A7B3E00C2FDAF /* Assets.xcassets in Resources */,
				BAD56263232A7B3C00C2FDAF /* Main.storyboard in Resources */,
			);
			runOnlyForDeploymentPostprocessing = 0;
		};
/* End PBXResourcesBuildPhase section */

/* Begin PBXSourcesBuildPhase section */
		BAD56256232A7B3C00C2FDAF /* Sources */ = {
			isa = PBXSourcesBuildPhase;
			buildActionMask = 2147483647;
			files = (
				BAD56260232A7B3C00C2FDAF /* ViewController.swift in Sources */,
				BAD5625E232A7B3C00C2FDAF /* AppDelegate.swift in Sources */,
				BAD56272232A7F5700C2FDAF /* ColorChoice.swift in Sources */,
				BAD56270232A7EAC00C2FDAF /* User.swift in Sources */,
			);
			runOnlyForDeploymentPostprocessing = 0;
		};
/* End PBXSourcesBuildPhase section */

/* Begin PBXVariantGroup section */
		BAD56261232A7B3C00C2FDAF /* Main.storyboard */ = {
			isa = PBXVariantGroup;
			children = (
				BAD56262232A7B3C00C2FDAF /* Base */,
			);
			name = Main.storyboard;
			sourceTree = "<group>";
		};
		BAD56266232A7B3E00C2FDAF /* LaunchScreen.storyboard */ = {
			isa = PBXVariantGroup;
			children = (
				BAD56267232A7B3E00C2FDAF /* Base */,
			);
			name = LaunchScreen.storyboard;
			sourceTree = "<group>";
		};
/* End PBXVariantGroup section */

/* Begin XCBuildConfiguration section */
		BAD5626A232A7B3E00C2FDAF /* Debug */ = {
			isa = XCBuildConfiguration;
			buildSettings = {
				ALWAYS_SEARCH_USER_PATHS = NO;
				CLANG_ANALYZER_NONNULL = YES;
				CLANG_ANALYZER_NUMBER_OBJECT_CONVERSION = YES_AGGRESSIVE;
				CLANG_CXX_LANGUAGE_STANDARD = "gnu++14";
				CLANG_CXX_LIBRARY = "libc++";
				CLANG_ENABLE_MODULES = YES;
				CLANG_ENABLE_OBJC_ARC = YES;
				CLANG_ENABLE_OBJC_WEAK = YES;
				CLANG_WARN_BLOCK_CAPTURE_AUTORELEASING = YES;
				CLANG_WARN_BOOL_CONVERSION = YES;
				CLANG_WARN_COMMA = YES;
				CLANG_WARN_CONSTANT_CONVERSION = YES;
				CLANG_WARN_DEPRECATED_OBJC_IMPLEMENTATIONS = YES;
				CLANG_WARN_DIRECT_OBJC_ISA_USAGE = YES_ERROR;
				CLANG_WARN_DOCUMENTATION_COMMENTS = YES;
				CLANG_WARN_EMPTY_BODY = YES;
				CLANG_WARN_ENUM_CONVERSION = YES;
				CLANG_WARN_INFINITE_RECURSION = YES;
				CLANG_WARN_INT_CONVERSION = YES;
				CLANG_WARN_NON_LITERAL_NULL_CONVERSION = YES;
				CLANG_WARN_OBJC_IMPLICIT_RETAIN_SELF = YES;
				CLANG_WARN_OBJC_LITERAL_CONVERSION = YES;
				CLANG_WARN_OBJC_ROOT_CLASS = YES_ERROR;
				CLANG_WARN_RANGE_LOOP_ANALYSIS = YES;
				CLANG_WARN_STRICT_PROTOTYPES = YES;
				CLANG_WARN_SUSPICIOUS_MOVE = YES;
				CLANG_WARN_UNGUARDED_AVAILABILITY = YES_AGGRESSIVE;
				CLANG_WARN_UNREACHABLE_CODE = YES;
				CLANG_WARN__DUPLICATE_METHOD_MATCH = YES;
				CODE_SIGN_IDENTITY = "iPhone Developer";
				COPY_PHASE_STRIP = NO;
				DEBUG_INFORMATION_FORMAT = dwarf;
				ENABLE_STRICT_OBJC_MSGSEND = YES;
				ENABLE_TESTABILITY = YES;
				GCC_C_LANGUAGE_STANDARD = gnu11;
				GCC_DYNAMIC_NO_PIC = NO;
				GCC_NO_COMMON_BLOCKS = YES;
				GCC_OPTIMIZATION_LEVEL = 0;
				GCC_PREPROCESSOR_DEFINITIONS = (
					"DEBUG=1",
					"$(inherited)",
				);
				GCC_WARN_64_TO_32_BIT_CONVERSION = YES;
				GCC_WARN_ABOUT_RETURN_TYPE = YES_ERROR;
				GCC_WARN_UNDECLARED_SELECTOR = YES;
				GCC_WARN_UNINITIALIZED_AUTOS = YES_AGGRESSIVE;
				GCC_WARN_UNUSED_FUNCTION = YES;
				GCC_WARN_UNUSED_VARIABLE = YES;
				IPHONEOS_DEPLOYMENT_TARGET = 12.2;
				MTL_ENABLE_DEBUG_INFO = INCLUDE_SOURCE;
				MTL_FAST_MATH = YES;
				ONLY_ACTIVE_ARCH = YES;
				SDKROOT = iphoneos;
				SWIFT_ACTIVE_COMPILATION_CONDITIONS = DEBUG;
				SWIFT_OPTIMIZATION_LEVEL = "-Onone";
			};
			name = Debug;
		};
		BAD5626B232A7B3E00C2FDAF /* Release */ = {
			isa = XCBuildConfiguration;
			buildSettings = {
				ALWAYS_SEARCH_USER_PATHS = NO;
				CLANG_ANALYZER_NONNULL = YES;
				CLANG_ANALYZER_NUMBER_OBJECT_CONVERSION = YES_AGGRESSIVE;
				CLANG_CXX_LANGUAGE_STANDARD = "gnu++14";
				CLANG_CXX_LIBRARY = "libc++";
				CLANG_ENABLE_MODULES = YES;
				CLANG_ENABLE_OBJC_ARC = YES;
				CLANG_ENABLE_OBJC_WEAK = YES;
				CLANG_WARN_BLOCK_CAPTURE_AUTORELEASING = YES;
				CLANG_WARN_BOOL_CONVERSION = YES;
				CLANG_WARN_COMMA = YES;
				CLANG_WARN_CONSTANT_CONVERSION = YES;
				CLANG_WARN_DEPRECATED_OBJC_IMPLEMENTATIONS = YES;
				CLANG_WARN_DIRECT_OBJC_ISA_USAGE = YES_ERROR;
				CLANG_WARN_DOCUMENTATION_COMMENTS = YES;
				CLANG_WARN_EMPTY_BODY = YES;
				CLANG_WARN_ENUM_CONVERSION = YES;
				CLANG_WARN_INFINITE_RECURSION = YES;
				CLANG_WARN_INT_CONVERSION = YES;
				CLANG_WARN_NON_LITERAL_NULL_CONVERSION = YES;
				CLANG_WARN_OBJC_IMPLICIT_RETAIN_SELF = YES;
				CLANG_WARN_OBJC_LITERAL_CONVERSION = YES;
				CLANG_WARN_OBJC_ROOT_CLASS = YES_ERROR;
				CLANG_WARN_RANGE_LOOP_ANALYSIS = YES;
				CLANG_WARN_STRICT_PROTOTYPES = YES;
				CLANG_WARN_SUSPICIOUS_MOVE = YES;
				CLANG_WARN_UNGUARDED_AVAILABILITY = YES_AGGRESSIVE;
				CLANG_WARN_UNREACHABLE_CODE = YES;
				CLANG_WARN__DUPLICATE_METHOD_MATCH = YES;
				CODE_SIGN_IDENTITY = "iPhone Developer";
				COPY_PHASE_STRIP = NO;
				DEBUG_INFORMATION_FORMAT = "dwarf-with-dsym";
				ENABLE_NS_ASSERTIONS = NO;
				ENABLE_STRICT_OBJC_MSGSEND = YES;
				GCC_C_LANGUAGE_STANDARD = gnu11;
				GCC_NO_COMMON_BLOCKS = YES;
				GCC_WARN_64_TO_32_BIT_CONVERSION = YES;
				GCC_WARN_ABOUT_RETURN_TYPE = YES_ERROR;
				GCC_WARN_UNDECLARED_SELECTOR = YES;
				GCC_WARN_UNINITIALIZED_AUTOS = YES_AGGRESSIVE;
				GCC_WARN_UNUSED_FUNCTION = YES;
				GCC_WARN_UNUSED_VARIABLE = YES;
				IPHONEOS_DEPLOYMENT_TARGET = 12.2;
				MTL_ENABLE_DEBUG_INFO = NO;
				MTL_FAST_MATH = YES;
				SDKROOT = iphoneos;
				SWIFT_COMPILATION_MODE = wholemodule;
				SWIFT_OPTIMIZATION_LEVEL = "-O";
				VALIDATE_PRODUCT = YES;
			};
			name = Release;
		};
		BAD5626D232A7B3E00C2FDAF /* Debug */ = {
			isa = XCBuildConfiguration;
			buildSettings = {
				ASSETCATALOG_COMPILER_APPICON_NAME = AppIcon;
				CODE_SIGN_STYLE = Automatic;
				INFOPLIST_FILE = SecondProject/Info.plist;
				LD_RUNPATH_SEARCH_PATHS = (
					"$(inherited)",
					"@executable_path/Frameworks",
				);
				PRODUCT_BUNDLE_IDENTIFIER = com.first.SecondProject;
				PRODUCT_NAME = "$(TARGET_NAME)";
				SWIFT_VERSION = 5.0;
				TARGETED_DEVICE_FAMILY = "1,2";
			};
			name = Debug;
		};
		BAD5626E232A7B3E00C2FDAF /* Release */ = {
			isa = XCBuildConfiguration;
			buildSettings = {
				ASSETCATALOG_COMPILER_APPICON_NAME = AppIcon;
				CODE_SIGN_STYLE = Automatic;
				INFOPLIST_FILE = SecondProject/Info.plist;
				LD_RUNPATH_SEARCH_PATHS = (
					"$(inherited)",
					"@executable_path/Frameworks",
				);
				PRODUCT_BUNDLE_IDENTIFIER = com.first.SecondProject;
				PRODUCT_NAME = "$(TARGET_NAME)";
				SWIFT_VERSION = 5.0;
				TARGETED_DEVICE_FAMILY = "1,2";
			};
			name = Release;
		};
/* End XCBuildConfiguration section */

/* Begin XCConfigurationList section */
		BAD56255232A7B3C00C2FDAF /* Build configuration list for PBXProject "SecondProject" */ = {
			isa = XCConfigurationList;
			buildConfigurations = (
				BAD5626A232A7B3E00C2FDAF /* Debug */,
				BAD5626B232A7B3E00C2FDAF /* Release */,
			);
			defaultConfigurationIsVisible = 0;
			defaultConfigurationName = Release;
		};
		BAD5626C232A7B3E00C2FDAF /* Build configuration list for PBXNativeTarget "SecondProject" */ = {
			isa = XCConfigurationList;
			buildConfigurations = (
				BAD5626D232A7B3E00C2FDAF /* Debug */,
				BAD5626E232A7B3E00C2FDAF /* Release */,
			);
			defaultConfigurationIsVisible = 0;
			defaultConfigurationName = Release;
		};
/* End XCConfigurationList section */
	};
	rootObject = BAD56252232A7B3C00C2FDAF /* Project object */;
}
